// !$*UTF8*$!
{
	archiveVersion = 1;
	classes = {
	};
	objectVersion = 46;
	objects = {

/* Begin PBXBuildFile section */
		8BCF39991ACCE09C0071C016 /* main.m in Sources */ = {isa = PBXBuildFile; fileRef = 8BCF39981ACCE09C0071C016 /* main.m */; };
		8BCF399C1ACCE09C0071C016 /* AppDelegate.m in Sources */ = {isa = PBXBuildFile; fileRef = 8BCF399B1ACCE09C0071C016 /* AppDelegate.m */; };
		8BCF399F1ACCE09C0071C016 /* ViewController.m in Sources */ = {isa = PBXBuildFile; fileRef = 8BCF399E1ACCE09C0071C016 /* ViewController.m */; };
		8BCF39A21ACCE09C0071C016 /* Main.storyboard in Resources */ = {isa = PBXBuildFile; fileRef = 8BCF39A01ACCE09C0071C016 /* Main.storyboard */; };
		8BCF39A41ACCE09C0071C016 /* Images.xcassets in Resources */ = {isa = PBXBuildFile; fileRef = 8BCF39A31ACCE09C0071C016 /* Images.xcassets */; };
		8BCF39A71ACCE09C0071C016 /* LaunchScreen.xib in Resources */ = {isa = PBXBuildFile; fileRef = 8BCF39A51ACCE09C0071C016 /* LaunchScreen.xib */; };
		8BCF39B31ACCE09C0071C016 /* ChuangYeBaTests.m in Sources */ = {isa = PBXBuildFile; fileRef = 8BCF39B21ACCE09C0071C016 /* ChuangYeBaTests.m */; };
/* End PBXBuildFile section */

/* Begin PBXContainerItemProxy section */
		8BCF39AD1ACCE09C0071C016 /* PBXContainerItemProxy */ = {
			isa = PBXContainerItemProxy;
			containerPortal = 8BCF398B1ACCE09C0071C016 /* Project object */;
			proxyType = 1;
			remoteGlobalIDString = 8BCF39921ACCE09C0071C016;
			remoteInfo = ChuangYeBa;
		};
/* End PBXContainerItemProxy section */

/* Begin PBXFileReference section */
		8BCF39931ACCE09C0071C016 /* ChuangYeBa.app */ = {isa = PBXFileReference; explicitFileType = wrapper.application; includeInIndex = 0; path = ChuangYeBa.app; sourceTree = BUILT_PRODUCTS_DIR; };
		8BCF39971ACCE09C0071C016 /* Info.plist */ = {isa = PBXFileReference; lastKnownFileType = text.plist.xml; path = Info.plist; sourceTree = "<group>"; };
		8BCF39981ACCE09C0071C016 /* main.m */ = {isa = PBXFileReference; lastKnownFileType = sourcecode.c.objc; path = main.m; sourceTree = "<group>"; };
		8BCF399A1ACCE09C0071C016 /* AppDelegate.h */ = {isa = PBXFileReference; lastKnownFileType = sourcecode.c.h; path = AppDelegate.h; sourceTree = "<group>"; };
		8BCF399B1ACCE09C0071C016 /* AppDelegate.m */ = {isa = PBXFileReference; lastKnownFileType = sourcecode.c.objc; path = AppDelegate.m; sourceTree = "<group>"; };
		8BCF399D1ACCE09C0071C016 /* ViewController.h */ = {isa = PBXFileReference; lastKnownFileType = sourcecode.c.h; path = ViewController.h; sourceTree = "<group>"; };
		8BCF399E1ACCE09C0071C016 /* ViewController.m */ = {isa = PBXFileReference; lastKnownFileType = sourcecode.c.objc; path = ViewController.m; sourceTree = "<group>"; };
		8BCF39A11ACCE09C0071C016 /* Base */ = {isa = PBXFileReference; lastKnownFileType = file.storyboard; name = Base; path = Base.lproj/Main.storyboard; sourceTree = "<group>"; };
		8BCF39A31ACCE09C0071C016 /* Images.xcassets */ = {isa = PBXFileReference; lastKnownFileType = folder.assetcatalog; path = Images.xcassets; sourceTree = "<group>"; };
		8BCF39A61ACCE09C0071C016 /* Base */ = {isa = PBXFileReference; lastKnownFileType = file.xib; name = Base; path = Base.lproj/LaunchScreen.xib; sourceTree = "<group>"; };
		8BCF39AC1ACCE09C0071C016 /* ChuangYeBaTests.xctest */ = {isa = PBXFileReference; explicitFileType = wrapper.cfbundle; includeInIndex = 0; path = ChuangYeBaTests.xctest; sourceTree = BUILT_PRODUCTS_DIR; };
		8BCF39B11ACCE09C0071C016 /* Info.plist */ = {isa = PBXFileReference; lastKnownFileType = text.plist.xml; path = Info.plist; sourceTree = "<group>"; };
		8BCF39B21ACCE09C0071C016 /* ChuangYeBaTests.m */ = {isa = PBXFileReference; lastKnownFileType = sourcecode.c.objc; path = ChuangYeBaTests.m; sourceTree = "<group>"; };
/* End PBXFileReference section */

/* Begin PBXFrameworksBuildPhase section */
		8BCF39901ACCE09C0071C016 /* Frameworks */ = {
			isa = PBXFrameworksBuildPhase;
			buildActionMask = 2147483647;
			files = (
			);
			runOnlyForDeploymentPostprocessing = 0;
		};
		8BCF39A91ACCE09C0071C016 /* Frameworks */ = {
			isa = PBXFrameworksBuildPhase;
			buildActionMask = 2147483647;
			files = (
			);
			runOnlyForDeploymentPostprocessing = 0;
		};
/* End PBXFrameworksBuildPhase section */

/* Begin PBXGroup section */
		8BCF398A1ACCE09C0071C016 = {
			isa = PBXGroup;
			children = (
				8BCF39951ACCE09C0071C016 /* ChuangYeBa */,
				8BCF39AF1ACCE09C0071C016 /* ChuangYeBaTests */,
				8BCF39941ACCE09C0071C016 /* Products */,
			);
			sourceTree = "<group>";
		};
		8BCF39941ACCE09C0071C016 /* Products */ = {
			isa = PBXGroup;
			children = (
				8BCF39931ACCE09C0071C016 /* ChuangYeBa.app */,
				8BCF39AC1ACCE09C0071C016 /* ChuangYeBaTests.xctest */,
			);
			name = Products;
			sourceTree = "<group>";
		};
		8BCF39951ACCE09C0071C016 /* ChuangYeBa */ = {
			isa = PBXGroup;
			children = (
				8BCF399A1ACCE09C0071C016 /* AppDelegate.h */,
				8BCF399B1ACCE09C0071C016 /* AppDelegate.m */,
				8BCF399D1ACCE09C0071C016 /* ViewController.h */,
				8BCF399E1ACCE09C0071C016 /* ViewController.m */,
				8BCF39A01ACCE09C0071C016 /* Main.storyboard */,
				8BCF39A31ACCE09C0071C016 /* Images.xcassets */,
				8BCF39A51ACCE09C0071C016 /* LaunchScreen.xib */,
				8BCF39961ACCE09C0071C016 /* Supporting Files */,
			);
			path = ChuangYeBa;
			sourceTree = "<group>";
		};
		8BCF39961ACCE09C0071C016 /* Supporting Files */ = {
			isa = PBXGroup;
			children = (
				8BCF39971ACCE09C0071C016 /* Info.plist */,
				8BCF39981ACCE09C0071C016 /* main.m */,
			);
			name = "Supporting Files";
			sourceTree = "<group>";
		};
		8BCF39AF1ACCE09C0071C016 /* ChuangYeBaTests */ = {
			isa = PBXGroup;
			children = (
				8BCF39B21ACCE09C0071C016 /* ChuangYeBaTests.m */,
				8BCF39B01ACCE09C0071C016 /* Supporting Files */,
			);
			path = ChuangYeBaTests;
			sourceTree = "<group>";
		};
		8BCF39B01ACCE09C0071C016 /* Supporting Files */ = {
			isa = PBXGroup;
			children = (
				8BCF39B11ACCE09C0071C016 /* Info.plist */,
			);
			name = "Supporting Files";
			sourceTree = "<group>";
		};
/* End PBXGroup section */

/* Begin PBXNativeTarget section */
		8BCF39921ACCE09C0071C016 /* ChuangYeBa */ = {
			isa = PBXNativeTarget;
			buildConfigurationList = 8BCF39B61ACCE09C0071C016 /* Build configuration list for PBXNativeTarget "ChuangYeBa" */;
			buildPhases = (
				8BCF398F1ACCE09C0071C016 /* Sources */,
				8BCF39901ACCE09C0071C016 /* Frameworks */,
				8BCF39911ACCE09C0071C016 /* Resources */,
			);
			buildRules = (
			);
			dependencies = (
			);
			name = ChuangYeBa;
			productName = ChuangYeBa;
			productReference = 8BCF39931ACCE09C0071C016 /* ChuangYeBa.app */;
			productType = "com.apple.product-type.application";
		};
		8BCF39AB1ACCE09C0071C016 /* ChuangYeBaTests */ = {
			isa = PBXNativeTarget;
			buildConfigurationList = 8BCF39B91ACCE09C0071C016 /* Build configuration list for PBXNativeTarget "ChuangYeBaTests" */;
			buildPhases = (
				8BCF39A81ACCE09C0071C016 /* Sources */,
				8BCF39A91ACCE09C0071C016 /* Frameworks */,
				8BCF39AA1ACCE09C0071C016 /* Resources */,
			);
			buildRules = (
			);
			dependencies = (
				8BCF39AE1ACCE09C0071C016 /* PBXTargetDependency */,
			);
			name = ChuangYeBaTests;
			productName = ChuangYeBaTests;
			productReference = 8BCF39AC1ACCE09C0071C016 /* ChuangYeBaTests.xctest */;
			productType = "com.apple.product-type.bundle.unit-test";
		};
/* End PBXNativeTarget section */

/* Begin PBXProject section */
		8BCF398B1ACCE09C0071C016 /* Project object */ = {
			isa = PBXProject;
			attributes = {
				LastUpgradeCheck = 0620;
				ORGANIZATIONNAME = "Su Ziming";
				TargetAttributes = {
					8BCF39921ACCE09C0071C016 = {
						CreatedOnToolsVersion = 6.2;
					};
					8BCF39AB1ACCE09C0071C016 = {
						CreatedOnToolsVersion = 6.2;
						TestTargetID = 8BCF39921ACCE09C0071C016;
					};
				};
			};
			buildConfigurationList = 8BCF398E1ACCE09C0071C016 /* Build configuration list for PBXProject "ChuangYeBa" */;
			compatibilityVersion = "Xcode 3.2";
			developmentRegion = English;
			hasScannedForEncodings = 0;
			knownRegions = (
				en,
				Base,
			);
			mainGroup = 8BCF398A1ACCE09C0071C016;
			productRefGroup = 8BCF39941ACCE09C0071C016 /* Products */;
			projectDirPath = "";
			projectRoot = "";
			targets = (
				8BCF39921ACCE09C0071C016 /* ChuangYeBa */,
				8BCF39AB1ACCE09C0071C016 /* ChuangYeBaTests */,
			);
		};
/* End PBXProject section */

/* Begin PBXResourcesBuildPhase section */
		8BCF39911ACCE09C0071C016 /* Resources */ = {
			isa = PBXResourcesBuildPhase;
			buildActionMask = 2147483647;
			files = (
				8BCF39A21ACCE09C0071C016 /* Main.storyboard in Resources */,
				8BCF39A71ACCE09C0071C016 /* LaunchScreen.xib in Resources */,
				8BCF39A41ACCE09C0071C016 /* Images.xcassets in Resources */,
			);
			runOnlyForDeploymentPostprocessing = 0;
		};
		8BCF39AA1ACCE09C0071C016 /* Resources */ = {
			isa = PBXResourcesBuildPhase;
			buildActionMask = 2147483647;
			files = (
			);
			runOnlyForDeploymentPostprocessing = 0;
		};
/* End PBXResourcesBuildPhase section */

/* Begin PBXSourcesBuildPhase section */
		8BCF398F1ACCE09C0071C016 /* Sources */ = {
			isa = PBXSourcesBuildPhase;
			buildActionMask = 2147483647;
			files = (
				8BCF399F1ACCE09C0071C016 /* ViewController.m in Sources */,
				8BCF399C1ACCE09C0071C016 /* AppDelegate.m in Sources */,
				8BCF39991ACCE09C0071C016 /* main.m in Sources */,
			);
			runOnlyForDeploymentPostprocessing = 0;
		};
		8BCF39A81ACCE09C0071C016 /* Sources */ = {
			isa = PBXSourcesBuildPhase;
			buildActionMask = 2147483647;
			files = (
				8BCF39B31ACCE09C0071C016 /* ChuangYeBaTests.m in Sources */,
			);
			runOnlyForDeploymentPostprocessing = 0;
		};
/* End PBXSourcesBuildPhase section */

/* Begin PBXTargetDependency section */
		8BCF39AE1ACCE09C0071C016 /* PBXTargetDependency */ = {
			isa = PBXTargetDependency;
			target = 8BCF39921ACCE09C0071C016 /* ChuangYeBa */;
			targetProxy = 8BCF39AD1ACCE09C0071C016 /* PBXContainerItemProxy */;
		};
/* End PBXTargetDependency section */

/* Begin PBXVariantGroup section */
		8BCF39A01ACCE09C0071C016 /* Main.storyboard */ = {
			isa = PBXVariantGroup;
			children = (
				8BCF39A11ACCE09C0071C016 /* Base */,
			);
			name = Main.storyboard;
			sourceTree = "<group>";
		};
		8BCF39A51ACCE09C0071C016 /* LaunchScreen.xib */ = {
			isa = PBXVariantGroup;
			children = (
				8BCF39A61ACCE09C0071C016 /* Base */,
			);
			name = LaunchScreen.xib;
			sourceTree = "<group>";
		};
/* End PBXVariantGroup section */

/* Begin XCBuildConfiguration section */
		8BCF39B41ACCE09C0071C016 /* Debug */ = {
			isa = XCBuildConfiguration;
			buildSettings = {
				ALWAYS_SEARCH_USER_PATHS = NO;
				CLANG_CXX_LANGUAGE_STANDARD = "gnu++0x";
				CLANG_CXX_LIBRARY = "libc++";
				CLANG_ENABLE_MODULES = YES;
				CLANG_ENABLE_OBJC_ARC = YES;
				CLANG_WARN_BOOL_CONVERSION = YES;
				CLANG_WARN_CONSTANT_CONVERSION = YES;
				CLANG_WARN_DIRECT_OBJC_ISA_USAGE = YES_ERROR;
				CLANG_WARN_EMPTY_BODY = YES;
				CLANG_WARN_ENUM_CONVERSION = YES;
				CLANG_WARN_INT_CONVERSION = YES;
				CLANG_WARN_OBJC_ROOT_CLASS = YES_ERROR;
				CLANG_WARN_UNREACHABLE_CODE = YES;
				CLANG_WARN__DUPLICATE_METHOD_MATCH = YES;
				"CODE_SIGN_IDENTITY[sdk=iphoneos*]" = "iPhone Developer";
				COPY_PHASE_STRIP = NO;
				ENABLE_STRICT_OBJC_MSGSEND = YES;
				GCC_C_LANGUAGE_STANDARD = gnu99;
				GCC_DYNAMIC_NO_PIC = NO;
				GCC_OPTIMIZATION_LEVEL = 0;
				GCC_PREPROCESSOR_DEFINITIONS = (
					"DEBUG=1",
					"$(inherited)",
				);
				GCC_SYMBOLS_PRIVATE_EXTERN = NO;
				GCC_WARN_64_TO_32_BIT_CONVERSION = YES;
				GCC_WARN_ABOUT_RETURN_TYPE = YES_ERROR;
				GCC_WARN_UNDECLARED_SELECTOR = YES;
				GCC_WARN_UNINITIALIZED_AUTOS = YES_AGGRESSIVE;
				GCC_WARN_UNUSED_FUNCTION = YES;
				GCC_WARN_UNUSED_VARIABLE = YES;
				IPHONEOS_DEPLOYMENT_TARGET = 8.2;
				MTL_ENABLE_DEBUG_INFO = YES;
				ONLY_ACTIVE_ARCH = YES;
				SDKROOT = iphoneos;
				TARGETED_DEVICE_FAMILY = "1,2";
			};
			name = Debug;
		};
		8BCF39B51ACCE09C0071C016 /* Release */ = {
			isa = XCBuildConfiguration;
			buildSettings = {
				ALWAYS_SEARCH_USER_PATHS = NO;
				CLANG_CXX_LANGUAGE_STANDARD = "gnu++0x";
				CLANG_CXX_LIBRARY = "libc++";
				CLANG_ENABLE_MODULES = YES;
				CLANG_ENABLE_OBJC_ARC = YES;
				CLANG_WARN_BOOL_CONVERSION = YES;
				CLANG_WARN_CONSTANT_CONVERSION = YES;
				CLANG_WARN_DIRECT_OBJC_ISA_USAGE = YES_ERROR;
				CLANG_WARN_EMPTY_BODY = YES;
				CLANG_WARN_ENUM_CONVERSION = YES;
				CLANG_WARN_INT_CONVERSION = YES;
				CLANG_WARN_OBJC_ROOT_CLASS = YES_ERROR;
				CLANG_WARN_UNREACHABLE_CODE = YES;
				CLANG_WARN__DUPLICATE_METHOD_MATCH = YES;
				"CODE_SIGN_IDENTITY[sdk=iphoneos*]" = "iPhone Developer";
				COPY_PHASE_STRIP = NO;
				ENABLE_NS_ASSERTIONS = NO;
				ENABLE_STRICT_OBJC_MSGSEND = YES;
				GCC_C_LANGUAGE_STANDARD = gnu99;
				GCC_WARN_64_TO_32_BIT_CONVERSION = YES;
				GCC_WARN_ABOUT_RETURN_TYPE = YES_ERROR;
				GCC_WARN_UNDECLARED_SELECTOR = YES;
				GCC_WARN_UNINITIALIZED_AUTOS = YES_AGGRESSIVE;
				GCC_WARN_UNUSED_FUNCTION = YES;
				GCC_WARN_UNUSED_VARIABLE = YES;
				IPHONEOS_DEPLOYMENT_TARGET = 8.2;
				MTL_ENABLE_DEBUG_INFO = NO;
				SDKROOT = iphoneos;
				TARGETED_DEVICE_FAMILY = "1,2";
				VALIDATE_PRODUCT = YES;
			};
			name = Release;
		};
		8BCF39B71ACCE09C0071C016 /* Debug */ = {
			isa = XCBuildConfiguration;
			buildSettings = {
				ASSETCATALOG_COMPILER_APPICON_NAME = AppIcon;
				INFOPLIST_FILE = ChuangYeBa/Info.plist;
				LD_RUNPATH_SEARCH_PATHS = "$(inherited) @executable_path/Frameworks";
				PRODUCT_NAME = "$(TARGET_NAME)";
			};
			name = Debug;
		};
		8BCF39B81ACCE09C0071C016 /* Release */ = {
			isa = XCBuildConfiguration;
			buildSettings = {
				ASSETCATALOG_COMPILER_APPICON_NAME = AppIcon;
				INFOPLIST_FILE = ChuangYeBa/Info.plist;
				LD_RUNPATH_SEARCH_PATHS = "$(inherited) @executable_path/Frameworks";
				PRODUCT_NAME = "$(TARGET_NAME)";
			};
			name = Release;
		};
		8BCF39BA1ACCE09C0071C016 /* Debug */ = {
			isa = XCBuildConfiguration;
			buildSettings = {
				BUNDLE_LOADER = "$(TEST_HOST)";
				FRAMEWORK_SEARCH_PATHS = (
					"$(SDKROOT)/Developer/Library/Frameworks",
					"$(inherited)",
				);
				GCC_PREPROCESSOR_DEFINITIONS = (
					"DEBUG=1",
					"$(inherited)",
				);
				INFOPLIST_FILE = ChuangYeBaTests/Info.plist;
				LD_RUNPATH_SEARCH_PATHS = "$(inherited) @executable_path/Frameworks @loader_path/Frameworks";
				PRODUCT_NAME = "$(TARGET_NAME)";
				TEST_HOST = "$(BUILT_PRODUCTS_DIR)/ChuangYeBa.app/ChuangYeBa";
			};
			name = Debug;
		};
		8BCF39BB1ACCE09C0071C016 /* Release */ = {
			isa = XCBuildConfiguration;
			buildSettings = {
				BUNDLE_LOADER = "$(TEST_HOST)";
				FRAMEWORK_SEARCH_PATHS = (
					"$(SDKROOT)/Developer/Library/Frameworks",
					"$(inherited)",
				);
				INFOPLIST_FILE = ChuangYeBaTests/Info.plist;
				LD_RUNPATH_SEARCH_PATHS = "$(inherited) @executable_path/Frameworks @loader_path/Frameworks";
				PRODUCT_NAME = "$(TARGET_NAME)";
				TEST_HOST = "$(BUILT_PRODUCTS_DIR)/ChuangYeBa.app/ChuangYeBa";
			};
			name = Release;
		};
/* End XCBuildConfiguration section */

/* Begin XCConfigurationList section */
		8BCF398E1ACCE09C0071C016 /* Build configuration list for PBXProject "ChuangYeBa" */ = {
			isa = XCConfigurationList;
			buildConfigurations = (
				8BCF39B41ACCE09C0071C016 /* Debug */,
				8BCF39B51ACCE09C0071C016 /* Release */,
			);
			defaultConfigurationIsVisible = 0;
			defaultConfigurationName = Release;
		};
		8BCF39B61ACCE09C0071C016 /* Build configuration list for PBXNativeTarget "ChuangYeBa" */ = {
			isa = XCConfigurationList;
			buildConfigurations = (
				8BCF39B71ACCE09C0071C016 /* Debug */,
				8BCF39B81ACCE09C0071C016 /* Release */,
			);
			defaultConfigurationIsVisible = 0;
		};
		8BCF39B91ACCE09C0071C016 /* Build configuration list for PBXNativeTarget "ChuangYeBaTests" */ = {
			isa = XCConfigurationList;
			buildConfigurations = (
				8BCF39BA1ACCE09C0071C016 /* Debug */,
				8BCF39BB1ACCE09C0071C016 /* Release */,
			);
			defaultConfigurationIsVisible = 0;
		};
/* End XCConfigurationList section */
	};
	rootObject = 8BCF398B1ACCE09C0071C016 /* Project object */;
}
